# THIS IS AN AUTOGENERATED FILE. DO NOT EDIT THIS FILE DIRECTLY.
# yarn lockfile v1


"@openzeppelin/contracts-upgradeable@^5.3.0":
  version "5.3.0"
  resolved "https://registry.yarnpkg.com/@openzeppelin/contracts-upgradeable/-/contracts-upgradeable-5.3.0.tgz#79dba09ab0b4bb49f21544ea738b9de016b0ceea"
  integrity sha512-yVzSSyTMWO6rapGI5tuqkcLpcGGXA0UA1vScyV5EhE5yw8By3Ewex9rDUw8lfVw0iTkvR/egjfcW5vpk03lqZg==
